# This file is automatically @generated by Cargo.
# It is not intended for manual editing.
version = 4

[[package]]
name = "trellis-adapter"
version = "0.1.0"
dependencies = [
 "trellis-core",
]

[[package]]
name = "trellis-bench"
version = "0.1.0"
dependencies = [
 "trellis-core",
]

[[package]]
name = "trellis-core"
version = "0.1.0"

[[package]]
name = "trellis-examples"
version = "0.1.0"
dependencies = [
 "trellis-core",
]

[[package]]
name = "trellis-test"
version = "0.1.0"
dependencies = [
 "trellis-core",
]
